
Microsoft Visual Studio Solution File, Format Version 12.00
# Visual Studio 15
VisualStudioVersion = 15.0.28307.329
MinimumVisualStudioVersion = 10.0.40219.1
Project("{FAE04EC0-301F-11D3-BF4B-00C04F79EFBC}") = "ПР7Д", "ПР7Д\ПР7Д.csproj", "{F8490C5C-3711-4E38-8DAF-B2686FECFDBD}"
EndProject
Global
	GlobalSection(SolutionConfigurationPlatforms) = preSolution
		Debug|Any CPU = Debug|Any CPU
		Release|Any CPU = Release|Any CPU
	EndGlobalSection
	GlobalSection(ProjectConfigurationPlatforms) = postSolution
		{F8490C5C-3711-4E38-8DAF-B2686FECFDBD}.Debug|Any CPU.ActiveCfg = Debug|Any CPU
		{F8490C5C-3711-4E38-8DAF-B2686FECFDBD}.Debug|Any CPU.Build.0 = Debug|Any CPU
		{F8490C5C-3711-4E38-8DAF-B2686FECFDBD}.Release|Any CPU.ActiveCfg = Release|Any CPU
		{F8490C5C-3711-4E38-8DAF-B2686FECFDBD}.Release|Any CPU.Build.0 = Release|Any CPU
	EndGlobalSection
	GlobalSection(SolutionProperties) = preSolution
		HideSolutionNode = FALSE
	EndGlobalSection
	GlobalSection(ExtensibilityGlobals) = postSolution
		SolutionGuid = {07571D5E-20F0-4D93-A00A-616DF1522D72}
	EndGlobalSection
EndGlobal
